// !$*UTF8*$!
{
	archiveVersion = 1;
	classes = {
	};
	objectVersion = 46;
	objects = {

/* Begin PBXBuildFile section */
		C30F747E19767C3B00B7C8C1 /* Foundation.framework in Frameworks */ = {isa = PBXBuildFile; fileRef = C30F747D19767C3B00B7C8C1 /* Foundation.framework */; };
		C30F748019767C3B00B7C8C1 /* CoreGraphics.framework in Frameworks */ = {isa = PBXBuildFile; fileRef = C30F747F19767C3B00B7C8C1 /* CoreGraphics.framework */; };
		C30F748219767C3B00B7C8C1 /* UIKit.framework in Frameworks */ = {isa = PBXBuildFile; fileRef = C30F748119767C3B00B7C8C1 /* UIKit.framework */; };
		C30F748819767C3B00B7C8C1 /* InfoPlist.strings in Resources */ = {isa = PBXBuildFile; fileRef = C30F748619767C3B00B7C8C1 /* InfoPlist.strings */; };
		C30F748A19767C3B00B7C8C1 /* main.m in Sources */ = {isa = PBXBuildFile; fileRef = C30F748919767C3B00B7C8C1 /* main.m */; };
		C30F748E19767C3B00B7C8C1 /* AppDelegate.m in Sources */ = {isa = PBXBuildFile; fileRef = C30F748D19767C3B00B7C8C1 /* AppDelegate.m */; };
		C30F749119767C3B00B7C8C1 /* Main.storyboard in Resources */ = {isa = PBXBuildFile; fileRef = C30F748F19767C3B00B7C8C1 /* Main.storyboard */; };
		C30F749619767C3B00B7C8C1 /* Images.xcassets in Resources */ = {isa = PBXBuildFile; fileRef = C30F749519767C3B00B7C8C1 /* Images.xcassets */; };
		C30F749D19767C3B00B7C8C1 /* XCTest.framework in Frameworks */ = {isa = PBXBuildFile; fileRef = C30F749C19767C3B00B7C8C1 /* XCTest.framework */; };
		C30F749E19767C3B00B7C8C1 /* Foundation.framework in Frameworks */ = {isa = PBXBuildFile; fileRef = C30F747D19767C3B00B7C8C1 /* Foundation.framework */; };
		C30F749F19767C3B00B7C8C1 /* UIKit.framework in Frameworks */ = {isa = PBXBuildFile; fileRef = C30F748119767C3B00B7C8C1 /* UIKit.framework */; };
		C30F74A719767C3B00B7C8C1 /* InfoPlist.strings in Resources */ = {isa = PBXBuildFile; fileRef = C30F74A519767C3B00B7C8C1 /* InfoPlist.strings */; };
		C30F74A919767C3B00B7C8C1 /* AppleMapsTests.m in Sources */ = {isa = PBXBuildFile; fileRef = C30F74A819767C3B00B7C8C1 /* AppleMapsTests.m */; };
		C30F74B319767C8500B7C8C1 /* MapKit.framework in Frameworks */ = {isa = PBXBuildFile; fileRef = C30F74B219767C8500B7C8C1 /* MapKit.framework */; };
		C30F74B519767C9000B7C8C1 /* CoreLocation.framework in Frameworks */ = {isa = PBXBuildFile; fileRef = C30F74B419767C9000B7C8C1 /* CoreLocation.framework */; };
		C30F74BB19767DA100B7C8C1 /* MapViewController.m in Sources */ = {isa = PBXBuildFile; fileRef = C30F74BA19767DA100B7C8C1 /* MapViewController.m */; };
		C336C78E197A905500DE217F /* routes.json in Resources */ = {isa = PBXBuildFile; fileRef = C336C78D197A905500DE217F /* routes.json */; };
		C336C7A6197C0B9B00DE217F /* RoutesViewController.m in Sources */ = {isa = PBXBuildFile; fileRef = C336C7A5197C0B9A00DE217F /* RoutesViewController.m */; };
		C336C7AA197C0D5D00DE217F /* Helper.m in Sources */ = {isa = PBXBuildFile; fileRef = C336C7A9197C0D5D00DE217F /* Helper.m */; };
		C336C7AD197C0FA100DE217F /* Route.m in Sources */ = {isa = PBXBuildFile; fileRef = C336C7AC197C0FA100DE217F /* Route.m */; };
		C34212A119854E20001D826C /* Route1.plist in Resources */ = {isa = PBXBuildFile; fileRef = C342129D19854E20001D826C /* Route1.plist */; };
		C34212A219854E20001D826C /* Route2.plist in Resources */ = {isa = PBXBuildFile; fileRef = C342129E19854E20001D826C /* Route2.plist */; };
		C34212A319854E20001D826C /* Route3.plist in Resources */ = {isa = PBXBuildFile; fileRef = C342129F19854E20001D826C /* Route3.plist */; };
		C34212A419854E20001D826C /* Route4.plist in Resources */ = {isa = PBXBuildFile; fileRef = C34212A019854E20001D826C /* Route4.plist */; };
		C34C5D0A19929C390054712C /* ImageCell.m in Sources */ = {isa = PBXBuildFile; fileRef = C34C5D0919929C390054712C /* ImageCell.m */; };
		C34D95E1199DF8A000E455C5 /* Downloader.m in Sources */ = {isa = PBXBuildFile; fileRef = C34D95E0199DF8A000E455C5 /* Downloader.m */; };
		C34EECF019A0C37C00605B1C /* Accelerate.framework in Frameworks */ = {isa = PBXBuildFile; fileRef = C34EECEF19A0C37C00605B1C /* Accelerate.framework */; };
		C34F118F19B9A53500D6E8B0 /* GalleryViewController.m in Sources */ = {isa = PBXBuildFile; fileRef = C34F118E19B9A53500D6E8B0 /* GalleryViewController.m */; };
		C34F119219B9A82200D6E8B0 /* GalleryCell.m in Sources */ = {isa = PBXBuildFile; fileRef = C34F119119B9A82200D6E8B0 /* GalleryCell.m */; };
		C34F119719B9B01A00D6E8B0 /* GalleryCelliPad.xib in Resources */ = {isa = PBXBuildFile; fileRef = C34F119619B9B01A00D6E8B0 /* GalleryCelliPad.xib */; };
		C34FBAFA198BF2D0006A7FEA /* RoutesTranslations.strings in Resources */ = {isa = PBXBuildFile; fileRef = C34FBAFC198BF2D0006A7FEA /* RoutesTranslations.strings */; };
		C34FBB07198CF662006A7FEA /* QuartzCore.framework in Frameworks */ = {isa = PBXBuildFile; fileRef = C34FBB06198CF662006A7FEA /* QuartzCore.framework */; };
		C350ACBC19A6121F0071AD7C /* MCLocalization.m in Sources */ = {isa = PBXBuildFile; fileRef = C350ACBB19A6121F0071AD7C /* MCLocalization.m */; };
		C350ACBF19A61CE50071AD7C /* translations.json in Resources */ = {isa = PBXBuildFile; fileRef = C350ACBE19A61CE50071AD7C /* translations.json */; };
		C350AD1319A73DD80071AD7C /* ioapi.c in Sources */ = {isa = PBXBuildFile; fileRef = C350AD0919A73DD80071AD7C /* ioapi.c */; };
		C350AD1419A73DD80071AD7C /* mztools.c in Sources */ = {isa = PBXBuildFile; fileRef = C350AD0B19A73DD80071AD7C /* mztools.c */; };
		C350AD1519A73DD80071AD7C /* unzip.c in Sources */ = {isa = PBXBuildFile; fileRef = C350AD0D19A73DD80071AD7C /* unzip.c */; };
		C350AD1619A73DD80071AD7C /* zip.c in Sources */ = {isa = PBXBuildFile; fileRef = C350AD0F19A73DD80071AD7C /* zip.c */; };
		C350AD1719A73DD80071AD7C /* SSZipArchive.m in Sources */ = {isa = PBXBuildFile; fileRef = C350AD1219A73DD80071AD7C /* SSZipArchive.m */; };
		C350AD1919A742820071AD7C /* libz.dylib in Frameworks */ = {isa = PBXBuildFile; fileRef = C350AD1819A742820071AD7C /* libz.dylib */; };
		C3511AA019AF4DF700795E6E /* SettingsViewController.m in Sources */ = {isa = PBXBuildFile; fileRef = C3511A9F19AF4DF700795E6E /* SettingsViewController.m */; };
		C357C0A319AB55EF004F2EA2 /* Main_iPhone.storyboard in Resources */ = {isa = PBXBuildFile; fileRef = C357C0A119AB55EF004F2EA2 /* Main_iPhone.storyboard */; };
		C36B1D99198B95A30001A851 /* PlacesTranslations.strings in Resources */ = {isa = PBXBuildFile; fileRef = C36B1D9B198B95A30001A851 /* PlacesTranslations.strings */; };
		C37553011979022000B9A1B6 /* MainViewController.m in Sources */ = {isa = PBXBuildFile; fileRef = C37553001979022000B9A1B6 /* MainViewController.m */; };
		C3755304197910FE00B9A1B6 /* PlacesTableViewController.m in Sources */ = {isa = PBXBuildFile; fileRef = C3755303197910FE00B9A1B6 /* PlacesTableViewController.m */; };
		C3755307197919B600B9A1B6 /* PlaceViewController.m in Sources */ = {isa = PBXBuildFile; fileRef = C3755306197919B600B9A1B6 /* PlaceViewController.m */; };
		C375530F19792CB100B9A1B6 /* Place.m in Sources */ = {isa = PBXBuildFile; fileRef = C375530E19792CB100B9A1B6 /* Place.m */; };
		C392F9001976F142002C8D9C /* places.json in Resources */ = {isa = PBXBuildFile; fileRef = C392F8FF1976F142002C8D9C /* places.json */; };
		C3A6F9F419B4D847004530AB /* FXBlurView.m in Sources */ = {isa = PBXBuildFile; fileRef = C3A6F9F319B4D847004530AB /* FXBlurView.m */; };
		C3A6FA0019B606F8004530AB /* background3.jpg in Resources */ = {isa = PBXBuildFile; fileRef = C3A6F9FF19B606F8004530AB /* background3.jpg */; };
		C3A6FA0619B6155C004530AB /* backgroundImage1.jpg in Resources */ = {isa = PBXBuildFile; fileRef = C3A6FA0419B6155C004530AB /* backgroundImage1.jpg */; };
		C3A6FA0719B6155C004530AB /* backgroundImage2.jpg in Resources */ = {isa = PBXBuildFile; fileRef = C3A6FA0519B6155C004530AB /* backgroundImage2.jpg */; };
		C3D302F61997B1DF006E7E39 /* AVFoundation.framework in Frameworks */ = {isa = PBXBuildFile; fileRef = C3D302F51997B1DF006E7E39 /* AVFoundation.framework */; };
		C3E1D03419B9E5EE004349A2 /* UIFont+ScaledFont.m in Sources */ = {isa = PBXBuildFile; fileRef = C3E1D03319B9E5EE004349A2 /* UIFont+ScaledFont.m */; };
		C3E99A79198103B10040F176 /* RouteViewController.m in Sources */ = {isa = PBXBuildFile; fileRef = C3E99A78198103B10040F176 /* RouteViewController.m */; };
/* End PBXBuildFile section */

/* Begin PBXContainerItemProxy section */
		C30F74A019767C3B00B7C8C1 /* PBXContainerItemProxy */ = {
			isa = PBXContainerItemProxy;
			containerPortal = C30F747219767C3B00B7C8C1 /* Project object */;
			proxyType = 1;
			remoteGlobalIDString = C30F747919767C3B00B7C8C1;
			remoteInfo = AppleMaps;
		};
/* End PBXContainerItemProxy section */

/* Begin PBXFileReference section */
		C30F747A19767C3B00B7C8C1 /* WegDesWandels.app */ = {isa = PBXFileReference; explicitFileType = wrapper.application; includeInIndex = 0; path = WegDesWandels.app; sourceTree = BUILT_PRODUCTS_DIR; };
		C30F747D19767C3B00B7C8C1 /* Foundation.framework */ = {isa = PBXFileReference; lastKnownFileType = wrapper.framework; name = Foundation.framework; path = System/Library/Frameworks/Foundation.framework; sourceTree = SDKROOT; };
		C30F747F19767C3B00B7C8C1 /* CoreGraphics.framework */ = {isa = PBXFileReference; lastKnownFileType = wrapper.framework; name = CoreGraphics.framework; path = System/Library/Frameworks/CoreGraphics.framework; sourceTree = SDKROOT; };
		C30F748119767C3B00B7C8C1 /* UIKit.framework */ = {isa = PBXFileReference; lastKnownFileType = wrapper.framework; name = UIKit.framework; path = System/Library/Frameworks/UIKit.framework; sourceTree = SDKROOT; };
		C30F748519767C3B00B7C8C1 /* WegDesWandels-Info.plist */ = {isa = PBXFileReference; lastKnownFileType = text.plist.xml; path = "WegDesWandels-Info.plist"; sourceTree = "<group>"; };
		C30F748719767C3B00B7C8C1 /* en */ = {isa = PBXFileReference; lastKnownFileType = text.plist.strings; name = en; path = en.lproj/InfoPlist.strings; sourceTree = "<group>"; };
		C30F748919767C3B00B7C8C1 /* main.m */ = {isa = PBXFileReference; lastKnownFileType = sourcecode.c.objc; path = main.m; sourceTree = "<group>"; };
		C30F748B19767C3B00B7C8C1 /* WegDesWandels-Prefix.pch */ = {isa = PBXFileReference; lastKnownFileType = sourcecode.c.h; path = "WegDesWandels-Prefix.pch"; sourceTree = "<group>"; };
		C30F748C19767C3B00B7C8C1 /* AppDelegate.h */ = {isa = PBXFileReference; lastKnownFileType = sourcecode.c.h; path = AppDelegate.h; sourceTree = "<group>"; };
		C30F748D19767C3B00B7C8C1 /* AppDelegate.m */ = {isa = PBXFileReference; lastKnownFileType = sourcecode.c.objc; path = AppDelegate.m; sourceTree = "<group>"; };
		C30F749019767C3B00B7C8C1 /* Base */ = {isa = PBXFileReference; lastKnownFileType = file.storyboard; name = Base; path = Base.lproj/Main.storyboard; sourceTree = "<group>"; };
		C30F749519767C3B00B7C8C1 /* Images.xcassets */ = {isa = PBXFileReference; lastKnownFileType = folder.assetcatalog; path = Images.xcassets; sourceTree = "<group>"; };
		C30F749B19767C3B00B7C8C1 /* WegDesWandelsTests.xctest */ = {isa = PBXFileReference; explicitFileType = wrapper.cfbundle; includeInIndex = 0; path = WegDesWandelsTests.xctest; sourceTree = BUILT_PRODUCTS_DIR; };
		C30F749C19767C3B00B7C8C1 /* XCTest.framework */ = {isa = PBXFileReference; lastKnownFileType = wrapper.framework; name = XCTest.framework; path = Library/Frameworks/XCTest.framework; sourceTree = DEVELOPER_DIR; };
		C30F74A419767C3B00B7C8C1 /* WegDesWandelsTests-Info.plist */ = {isa = PBXFileReference; lastKnownFileType = text.plist.xml; path = "WegDesWandelsTests-Info.plist"; sourceTree = "<group>"; };
		C30F74A619767C3B00B7C8C1 /* en */ = {isa = PBXFileReference; lastKnownFileType = text.plist.strings; name = en; path = en.lproj/InfoPlist.strings; sourceTree = "<group>"; };
		C30F74A819767C3B00B7C8C1 /* AppleMapsTests.m */ = {isa = PBXFileReference; lastKnownFileType = sourcecode.c.objc; path = AppleMapsTests.m; sourceTree = "<group>"; };
		C30F74B219767C8500B7C8C1 /* MapKit.framework */ = {isa = PBXFileReference; lastKnownFileType = wrapper.framework; name = MapKit.framework; path = System/Library/Frameworks/MapKit.framework; sourceTree = SDKROOT; };
		C30F74B419767C9000B7C8C1 /* CoreLocation.framework */ = {isa = PBXFileReference; lastKnownFileType = wrapper.framework; name = CoreLocation.framework; path = System/Library/Frameworks/CoreLocation.framework; sourceTree = SDKROOT; };
		C30F74B919767DA100B7C8C1 /* MapViewController.h */ = {isa = PBXFileReference; fileEncoding = 4; lastKnownFileType = sourcecode.c.h; name = MapViewController.h; path = ../MapViewController.h; sourceTree = "<group>"; };
		C30F74BA19767DA100B7C8C1 /* MapViewController.m */ = {isa = PBXFileReference; fileEncoding = 4; lastKnownFileType = sourcecode.c.objc; name = MapViewController.m; path = ../MapViewController.m; sourceTree = "<group>"; };
		C336C78D197A905500DE217F /* routes.json */ = {isa = PBXFileReference; fileEncoding = 4; lastKnownFileType = text.json; path = routes.json; sourceTree = "<group>"; };
		C336C7A4197C0B9A00DE217F /* RoutesViewController.h */ = {isa = PBXFileReference; fileEncoding = 4; lastKnownFileType = sourcecode.c.h; path = RoutesViewController.h; sourceTree = "<group>"; };
		C336C7A5197C0B9A00DE217F /* RoutesViewController.m */ = {isa = PBXFileReference; fileEncoding = 4; lastKnownFileType = sourcecode.c.objc; path = RoutesViewController.m; sourceTree = "<group>"; };
		C336C7A8197C0D5D00DE217F /* Helper.h */ = {isa = PBXFileReference; fileEncoding = 4; lastKnownFileType = sourcecode.c.h; path = Helper.h; sourceTree = "<group>"; };
		C336C7A9197C0D5D00DE217F /* Helper.m */ = {isa = PBXFileReference; fileEncoding = 4; lastKnownFileType = sourcecode.c.objc; path = Helper.m; sourceTree = "<group>"; };
		C336C7AB197C0FA100DE217F /* Route.h */ = {isa = PBXFileReference; fileEncoding = 4; lastKnownFileType = sourcecode.c.h; path = Route.h; sourceTree = "<group>"; };
		C336C7AC197C0FA100DE217F /* Route.m */ = {isa = PBXFileReference; fileEncoding = 4; lastKnownFileType = sourcecode.c.objc; path = Route.m; sourceTree = "<group>"; };
		C342129D19854E20001D826C /* Route1.plist */ = {isa = PBXFileReference; fileEncoding = 4; lastKnownFileType = text.plist.xml; path = Route1.plist; sourceTree = "<group>"; };
		C342129E19854E20001D826C /* Route2.plist */ = {isa = PBXFileReference; fileEncoding = 4; lastKnownFileType = text.plist.xml; path = Route2.plist; sourceTree = "<group>"; };
		C342129F19854E20001D826C /* Route3.plist */ = {isa = PBXFileReference; fileEncoding = 4; lastKnownFileType = text.plist.xml; path = Route3.plist; sourceTree = "<group>"; };
		C34212A019854E20001D826C /* Route4.plist */ = {isa = PBXFileReference; fileEncoding = 4; lastKnownFileType = text.plist.xml; path = Route4.plist; sourceTree = "<group>"; };
		C34C5D0819929C390054712C /* ImageCell.h */ = {isa = PBXFileReference; fileEncoding = 4; lastKnownFileType = sourcecode.c.h; path = ImageCell.h; sourceTree = "<group>"; };
		C34C5D0919929C390054712C /* ImageCell.m */ = {isa = PBXFileReference; fileEncoding = 4; lastKnownFileType = sourcecode.c.objc; path = ImageCell.m; sourceTree = "<group>"; };
		C34D95DF199DF8A000E455C5 /* Downloader.h */ = {isa = PBXFileReference; fileEncoding = 4; lastKnownFileType = sourcecode.c.h; path = Downloader.h; sourceTree = "<group>"; };
		C34D95E0199DF8A000E455C5 /* Downloader.m */ = {isa = PBXFileReference; fileEncoding = 4; lastKnownFileType = sourcecode.c.objc; path = Downloader.m; sourceTree = "<group>"; };
		C34EECEF19A0C37C00605B1C /* Accelerate.framework */ = {isa = PBXFileReference; lastKnownFileType = wrapper.framework; name = Accelerate.framework; path = System/Library/Frameworks/Accelerate.framework; sourceTree = SDKROOT; };
		C34F118D19B9A53500D6E8B0 /* GalleryViewController.h */ = {isa = PBXFileReference; fileEncoding = 4; lastKnownFileType = sourcecode.c.h; path = GalleryViewController.h; sourceTree = "<group>"; };
		C34F118E19B9A53500D6E8B0 /* GalleryViewController.m */ = {isa = PBXFileReference; fileEncoding = 4; lastKnownFileType = sourcecode.c.objc; path = GalleryViewController.m; sourceTree = "<group>"; };
		C34F119019B9A82200D6E8B0 /* GalleryCell.h */ = {isa = PBXFileReference; fileEncoding = 4; lastKnownFileType = sourcecode.c.h; path = GalleryCell.h; sourceTree = "<group>"; };
		C34F119119B9A82200D6E8B0 /* GalleryCell.m */ = {isa = PBXFileReference; fileEncoding = 4; lastKnownFileType = sourcecode.c.objc; path = GalleryCell.m; sourceTree = "<group>"; };
		C34F119619B9B01A00D6E8B0 /* GalleryCelliPad.xib */ = {isa = PBXFileReference; fileEncoding = 4; lastKnownFileType = file.xib; name = GalleryCelliPad.xib; path = ../GalleryCelliPad.xib; sourceTree = "<group>"; };
		C34FBAFB198BF2D0006A7FEA /* Base */ = {isa = PBXFileReference; lastKnownFileType = text.plist.strings; name = Base; path = Base.lproj/RoutesTranslations.strings; sourceTree = "<group>"; };
		C34FBB06198CF662006A7FEA /* QuartzCore.framework */ = {isa = PBXFileReference; lastKnownFileType = wrapper.framework; name = QuartzCore.framework; path = System/Library/Frameworks/QuartzCore.framework; sourceTree = SDKROOT; };
		C350ACBA19A6121F0071AD7C /* MCLocalization.h */ = {isa = PBXFileReference; fileEncoding = 4; lastKnownFileType = sourcecode.c.h; path = MCLocalization.h; sourceTree = "<group>"; };
		C350ACBB19A6121F0071AD7C /* MCLocalization.m */ = {isa = PBXFileReference; fileEncoding = 4; lastKnownFileType = sourcecode.c.objc; path = MCLocalization.m; sourceTree = "<group>"; };
		C350ACBE19A61CE50071AD7C /* translations.json */ = {isa = PBXFileReference; fileEncoding = 4; lastKnownFileType = text.json; path = translations.json; sourceTree = "<group>"; };
		C350AD0819A73DD80071AD7C /* crypt.h */ = {isa = PBXFileReference; fileEncoding = 4; lastKnownFileType = sourcecode.c.h; path = crypt.h; sourceTree = "<group>"; };
		C350AD0919A73DD80071AD7C /* ioapi.c */ = {isa = PBXFileReference; fileEncoding = 4; lastKnownFileType = sourcecode.c.c; path = ioapi.c; sourceTree = "<group>"; };
		C350AD0A19A73DD80071AD7C /* ioapi.h */ = {isa = PBXFileReference; fileEncoding = 4; lastKnownFileType = sourcecode.c.h; path = ioapi.h; sourceTree = "<group>"; };
		C350AD0B19A73DD80071AD7C /* mztools.c */ = {isa = PBXFileReference; fileEncoding = 4; lastKnownFileType = sourcecode.c.c; path = mztools.c; sourceTree = "<group>"; };
		C350AD0C19A73DD80071AD7C /* mztools.h */ = {isa = PBXFileReference; fileEncoding = 4; lastKnownFileType = sourcecode.c.h; path = mztools.h; sourceTree = "<group>"; };
		C350AD0D19A73DD80071AD7C /* unzip.c */ = {isa = PBXFileReference; fileEncoding = 4; lastKnownFileType = sourcecode.c.c; path = unzip.c; sourceTree = "<group>"; };
		C350AD0E19A73DD80071AD7C /* unzip.h */ = {isa = PBXFileReference; fileEncoding = 4; lastKnownFileType = sourcecode.c.h; path = unzip.h; sourceTree = "<group>"; };
		C350AD0F19A73DD80071AD7C /* zip.c */ = {isa = PBXFileReference; fileEncoding = 4; lastKnownFileType = sourcecode.c.c; path = zip.c; sourceTree = "<group>"; };
		C350AD1019A73DD80071AD7C /* zip.h */ = {isa = PBXFileReference; fileEncoding = 4; lastKnownFileType = sourcecode.c.h; path = zip.h; sourceTree = "<group>"; };
		C350AD1119A73DD80071AD7C /* SSZipArchive.h */ = {isa = PBXFileReference; fileEncoding = 4; lastKnownFileType = sourcecode.c.h; path = SSZipArchive.h; sourceTree = "<group>"; };
		C350AD1219A73DD80071AD7C /* SSZipArchive.m */ = {isa = PBXFileReference; fileEncoding = 4; lastKnownFileType = sourcecode.c.objc; path = SSZipArchive.m; sourceTree = "<group>"; };
		C350AD1819A742820071AD7C /* libz.dylib */ = {isa = PBXFileReference; lastKnownFileType = "compiled.mach-o.dylib"; name = libz.dylib; path = usr/lib/libz.dylib; sourceTree = SDKROOT; };
		C3511A9E19AF4DF700795E6E /* SettingsViewController.h */ = {isa = PBXFileReference; fileEncoding = 4; lastKnownFileType = sourcecode.c.h; path = SettingsViewController.h; sourceTree = "<group>"; };
		C3511A9F19AF4DF700795E6E /* SettingsViewController.m */ = {isa = PBXFileReference; fileEncoding = 4; lastKnownFileType = sourcecode.c.objc; path = SettingsViewController.m; sourceTree = "<group>"; };
		C357C0A219AB55EF004F2EA2 /* Base */ = {isa = PBXFileReference; lastKnownFileType = file.storyboard; name = Base; path = Base.lproj/Main_iPhone.storyboard; sourceTree = "<group>"; };
		C36B1D9A198B95A30001A851 /* Base */ = {isa = PBXFileReference; lastKnownFileType = text.plist.strings; name = Base; path = Base.lproj/PlacesTranslations.strings; sourceTree = "<group>"; };
		C37552FF1979022000B9A1B6 /* MainViewController.h */ = {isa = PBXFileReference; fileEncoding = 4; lastKnownFileType = sourcecode.c.h; path = MainViewController.h; sourceTree = "<group>"; };
		C37553001979022000B9A1B6 /* MainViewController.m */ = {isa = PBXFileReference; fileEncoding = 4; lastKnownFileType = sourcecode.c.objc; path = MainViewController.m; sourceTree = "<group>"; };
		C3755302197910FE00B9A1B6 /* PlacesTableViewController.h */ = {isa = PBXFileReference; fileEncoding = 4; lastKnownFileType = sourcecode.c.h; path = PlacesTableViewController.h; sourceTree = "<group>"; };
		C3755303197910FE00B9A1B6 /* PlacesTableViewController.m */ = {isa = PBXFileReference; fileEncoding = 4; lastKnownFileType = sourcecode.c.objc; path = PlacesTableViewController.m; sourceTree = "<group>"; };
		C3755305197919B600B9A1B6 /* PlaceViewController.h */ = {isa = PBXFileReference; fileEncoding = 4; lastKnownFileType = sourcecode.c.h; path = PlaceViewController.h; sourceTree = "<group>"; };
		C3755306197919B600B9A1B6 /* PlaceViewController.m */ = {isa = PBXFileReference; fileEncoding = 4; lastKnownFileType = sourcecode.c.objc; path = PlaceViewController.m; sourceTree = "<group>"; };
		C375530D19792CB100B9A1B6 /* Place.h */ = {isa = PBXFileReference; fileEncoding = 4; lastKnownFileType = sourcecode.c.h; path = Place.h; sourceTree = "<group>"; };
		C375530E19792CB100B9A1B6 /* Place.m */ = {isa = PBXFileReference; fileEncoding = 4; lastKnownFileType = sourcecode.c.objc; path = Place.m; sourceTree = "<group>"; };
		C392F8FF1976F142002C8D9C /* places.json */ = {isa = PBXFileReference; fileEncoding = 4; lastKnownFileType = text.json; path = places.json; sourceTree = "<group>"; };
		C3A6F9F319B4D847004530AB /* FXBlurView.m */ = {isa = PBXFileReference; fileEncoding = 4; lastKnownFileType = sourcecode.c.objc; path = FXBlurView.m; sourceTree = "<group>"; };
		C3A6F9F519B4D84E004530AB /* FXBlurView.h */ = {isa = PBXFileReference; lastKnownFileType = sourcecode.c.h; path = FXBlurView.h; sourceTree = "<group>"; };
		C3A6F9FF19B606F8004530AB /* background3.jpg */ = {isa = PBXFileReference; lastKnownFileType = image.jpeg; path = background3.jpg; sourceTree = "<group>"; };
		C3A6FA0419B6155C004530AB /* backgroundImage1.jpg */ = {isa = PBXFileReference; lastKnownFileType = image.jpeg; path = backgroundImage1.jpg; sourceTree = "<group>"; };
		C3A6FA0519B6155C004530AB /* backgroundImage2.jpg */ = {isa = PBXFileReference; lastKnownFileType = image.jpeg; path = backgroundImage2.jpg; sourceTree = "<group>"; };
		C3D302F51997B1DF006E7E39 /* AVFoundation.framework */ = {isa = PBXFileReference; lastKnownFileType = wrapper.framework; name = AVFoundation.framework; path = System/Library/Frameworks/AVFoundation.framework; sourceTree = SDKROOT; };
		C3E1D03219B9E5EE004349A2 /* UIFont+ScaledFont.h */ = {isa = PBXFileReference; fileEncoding = 4; lastKnownFileType = sourcecode.c.h; path = "UIFont+ScaledFont.h"; sourceTree = "<group>"; };
		C3E1D03319B9E5EE004349A2 /* UIFont+ScaledFont.m */ = {isa = PBXFileReference; fileEncoding = 4; lastKnownFileType = sourcecode.c.objc; path = "UIFont+ScaledFont.m"; sourceTree = "<group>"; };
		C3E99A77198103B10040F176 /* RouteViewController.h */ = {isa = PBXFileReference; fileEncoding = 4; lastKnownFileType = sourcecode.c.h; path = RouteViewController.h; sourceTree = "<group>"; };
		C3E99A78198103B10040F176 /* RouteViewController.m */ = {isa = PBXFileReference; fileEncoding = 4; lastKnownFileType = sourcecode.c.objc; path = RouteViewController.m; sourceTree = "<group>"; };
/* End PBXFileReference section */

/* Begin PBXFrameworksBuildPhase section */
		C30F747719767C3B00B7C8C1 /* Frameworks */ = {
			isa = PBXFrameworksBuildPhase;
			buildActionMask = 2147483647;
			files = (
				C350AD1919A742820071AD7C /* libz.dylib in Frameworks */,
				C34EECF019A0C37C00605B1C /* Accelerate.framework in Frameworks */,
				C3D302F61997B1DF006E7E39 /* AVFoundation.framework in Frameworks */,
				C34FBB07198CF662006A7FEA /* QuartzCore.framework in Frameworks */,
				C30F74B519767C9000B7C8C1 /* CoreLocation.framework in Frameworks */,
				C30F74B319767C8500B7C8C1 /* MapKit.framework in Frameworks */,
				C30F748019767C3B00B7C8C1 /* CoreGraphics.framework in Frameworks */,
				C30F748219767C3B00B7C8C1 /* UIKit.framework in Frameworks */,
				C30F747E19767C3B00B7C8C1 /* Foundation.framework in Frameworks */,
			);
			runOnlyForDeploymentPostprocessing = 0;
		};
		C30F749819767C3B00B7C8C1 /* Frameworks */ = {
			isa = PBXFrameworksBuildPhase;
			buildActionMask = 2147483647;
			files = (
				C30F749D19767C3B00B7C8C1 /* XCTest.framework in Frameworks */,
				C30F749F19767C3B00B7C8C1 /* UIKit.framework in Frameworks */,
				C30F749E19767C3B00B7C8C1 /* Foundation.framework in Frameworks */,
			);
			runOnlyForDeploymentPostprocessing = 0;
		};
/* End PBXFrameworksBuildPhase section */

/* Begin PBXGroup section */
		C30F747119767C3B00B7C8C1 = {
			isa = PBXGroup;
			children = (
				C30F748319767C3B00B7C8C1 /* WegdesWandels */,
				C30F74A219767C3B00B7C8C1 /* AppleMapsTests */,
				C30F747C19767C3B00B7C8C1 /* Frameworks */,
				C30F747B19767C3B00B7C8C1 /* Products */,
			);
			sourceTree = "<group>";
		};
		C30F747B19767C3B00B7C8C1 /* Products */ = {
			isa = PBXGroup;
			children = (
				C30F747A19767C3B00B7C8C1 /* WegDesWandels.app */,
				C30F749B19767C3B00B7C8C1 /* WegDesWandelsTests.xctest */,
			);
			name = Products;
			sourceTree = "<group>";
		};
		C30F747C19767C3B00B7C8C1 /* Frameworks */ = {
			isa = PBXGroup;
			children = (
				C350AD1819A742820071AD7C /* libz.dylib */,
				C34EECEF19A0C37C00605B1C /* Accelerate.framework */,
				C3D302F51997B1DF006E7E39 /* AVFoundation.framework */,
				C34FBB06198CF662006A7FEA /* QuartzCore.framework */,
				C30F74B419767C9000B7C8C1 /* CoreLocation.framework */,
				C30F74B219767C8500B7C8C1 /* MapKit.framework */,
				C30F747D19767C3B00B7C8C1 /* Foundation.framework */,
				C30F747F19767C3B00B7C8C1 /* CoreGraphics.framework */,
				C30F748119767C3B00B7C8C1 /* UIKit.framework */,
				C30F749C19767C3B00B7C8C1 /* XCTest.framework */,
			);
			name = Frameworks;
			sourceTree = "<group>";
		};
		C30F748319767C3B00B7C8C1 /* WegdesWandels */ = {
			isa = PBXGroup;
			children = (
				C34F119319B9AE9F00D6E8B0 /* CollectionView */,
				C336C7A7197C0D1800DE217F /* Helper */,
				C375530C19792C4F00B9A1B6 /* Model */,
				C375530B19792C2F00B9A1B6 /* TableViewController */,
				C375530A19792C1200B9A1B6 /* ViewController */,
				C30F748C19767C3B00B7C8C1 /* AppDelegate.h */,
				C30F748D19767C3B00B7C8C1 /* AppDelegate.m */,
				C30F748F19767C3B00B7C8C1 /* Main.storyboard */,
				C357C0A119AB55EF004F2EA2 /* Main_iPhone.storyboard */,
				C30F749519767C3B00B7C8C1 /* Images.xcassets */,
				C30F748419767C3B00B7C8C1 /* Supporting Files */,
			);
			name = WegdesWandels;
			path = AppleMaps;
			sourceTree = "<group>";
		};
		C30F748419767C3B00B7C8C1 /* Supporting Files */ = {
			isa = PBXGroup;
			children = (
				C3A6FA0319B61088004530AB /* Externe Hilfsklassen */,
				C3A6FA0119B61058004530AB /* backgroundImages */,
				C36B1D9C198BA0870001A851 /* Translations */,
				C3BDFE131981379F00D5A6AE /* JSON */,
				C30F748519767C3B00B7C8C1 /* WegDesWandels-Info.plist */,
				C30F748619767C3B00B7C8C1 /* InfoPlist.strings */,
				C30F748919767C3B00B7C8C1 /* main.m */,
				C30F748B19767C3B00B7C8C1 /* WegDesWandels-Prefix.pch */,
			);
			name = "Supporting Files";
			sourceTree = "<group>";
		};
		C30F74A219767C3B00B7C8C1 /* AppleMapsTests */ = {
			isa = PBXGroup;
			children = (
				C30F74A819767C3B00B7C8C1 /* AppleMapsTests.m */,
				C30F74A319767C3B00B7C8C1 /* Supporting Files */,
			);
			path = AppleMapsTests;
			sourceTree = "<group>";
		};
		C30F74A319767C3B00B7C8C1 /* Supporting Files */ = {
			isa = PBXGroup;
			children = (
				C30F74A419767C3B00B7C8C1 /* WegDesWandelsTests-Info.plist */,
				C30F74A519767C3B00B7C8C1 /* InfoPlist.strings */,
			);
			name = "Supporting Files";
			sourceTree = "<group>";
		};
		C336C7A7197C0D1800DE217F /* Helper */ = {
			isa = PBXGroup;
			children = (
				C336C7A8197C0D5D00DE217F /* Helper.h */,
				C336C7A9197C0D5D00DE217F /* Helper.m */,
			);
			name = Helper;
			sourceTree = "<group>";
		};
		C34F119319B9AE9F00D6E8B0 /* CollectionView */ = {
			isa = PBXGroup;
			children = (
				C34F119019B9A82200D6E8B0 /* GalleryCell.h */,
				C34F119119B9A82200D6E8B0 /* GalleryCell.m */,
				C34F119619B9B01A00D6E8B0 /* GalleryCelliPad.xib */,
			);
			name = CollectionView;
			sourceTree = "<group>";
		};
		C350ACBD19A612320071AD7C /* MCLocalization */ = {
			isa = PBXGroup;
			children = (
				C350ACBA19A6121F0071AD7C /* MCLocalization.h */,
				C350ACBB19A6121F0071AD7C /* MCLocalization.m */,
			);
			name = MCLocalization;
			sourceTree = "<group>";
		};
		C350AD0719A73DD80071AD7C /* minizip */ = {
			isa = PBXGroup;
			children = (
				C350AD0819A73DD80071AD7C /* crypt.h */,
				C350AD0919A73DD80071AD7C /* ioapi.c */,
				C350AD0A19A73DD80071AD7C /* ioapi.h */,
				C350AD0B19A73DD80071AD7C /* mztools.c */,
				C350AD0C19A73DD80071AD7C /* mztools.h */,
				C350AD0D19A73DD80071AD7C /* unzip.c */,
				C350AD0E19A73DD80071AD7C /* unzip.h */,
				C350AD0F19A73DD80071AD7C /* zip.c */,
				C350AD1019A73DD80071AD7C /* zip.h */,
			);
			path = minizip;
			sourceTree = "<group>";
		};
		C36B1D9C198BA0870001A851 /* Translations */ = {
			isa = PBXGroup;
			children = (
				C36B1D9B198B95A30001A851 /* PlacesTranslations.strings */,
				C34FBAFC198BF2D0006A7FEA /* RoutesTranslations.strings */,
				C350ACBE19A61CE50071AD7C /* translations.json */,
			);
			name = Translations;
			sourceTree = "<group>";
		};
		C375530A19792C1200B9A1B6 /* ViewController */ = {
			isa = PBXGroup;
			children = (
				C34F118D19B9A53500D6E8B0 /* GalleryViewController.h */,
				C34F118E19B9A53500D6E8B0 /* GalleryViewController.m */,
				C30F74B919767DA100B7C8C1 /* MapViewController.h */,
				C30F74BA19767DA100B7C8C1 /* MapViewController.m */,
				C3755305197919B600B9A1B6 /* PlaceViewController.h */,
				C3755306197919B600B9A1B6 /* PlaceViewController.m */,
				C37552FF1979022000B9A1B6 /* MainViewController.h */,
				C37553001979022000B9A1B6 /* MainViewController.m */,
				C3E99A77198103B10040F176 /* RouteViewController.h */,
				C3E99A78198103B10040F176 /* RouteViewController.m */,
				C3511A9E19AF4DF700795E6E /* SettingsViewController.h */,
				C3511A9F19AF4DF700795E6E /* SettingsViewController.m */,
			);
			name = ViewController;
			sourceTree = "<group>";
		};
		C375530B19792C2F00B9A1B6 /* TableViewController */ = {
			isa = PBXGroup;
			children = (
				C3755302197910FE00B9A1B6 /* PlacesTableViewController.h */,
				C3755303197910FE00B9A1B6 /* PlacesTableViewController.m */,
				C336C7A4197C0B9A00DE217F /* RoutesViewController.h */,
				C336C7A5197C0B9A00DE217F /* RoutesViewController.m */,
			);
			name = TableViewController;
			sourceTree = "<group>";
		};
		C375530C19792C4F00B9A1B6 /* Model */ = {
			isa = PBXGroup;
			children = (
				C34C5D0819929C390054712C /* ImageCell.h */,
				C34C5D0919929C390054712C /* ImageCell.m */,
				C375530D19792CB100B9A1B6 /* Place.h */,
				C375530E19792CB100B9A1B6 /* Place.m */,
				C336C7AB197C0FA100DE217F /* Route.h */,
				C336C7AC197C0FA100DE217F /* Route.m */,
				C34D95DF199DF8A000E455C5 /* Downloader.h */,
				C34D95E0199DF8A000E455C5 /* Downloader.m */,
				C3E1D03219B9E5EE004349A2 /* UIFont+ScaledFont.h */,
				C3E1D03319B9E5EE004349A2 /* UIFont+ScaledFont.m */,
			);
			name = Model;
			sourceTree = "<group>";
		};
		C3A6F9F619B4D854004530AB /* FXBlurView */ = {
			isa = PBXGroup;
			children = (
				C3A6F9F519B4D84E004530AB /* FXBlurView.h */,
				C3A6F9F319B4D847004530AB /* FXBlurView.m */,
			);
			name = FXBlurView;
			sourceTree = "<group>";
		};
		C3A6FA0119B61058004530AB /* backgroundImages */ = {
			isa = PBXGroup;
			children = (
				C3A6FA0419B6155C004530AB /* backgroundImage1.jpg */,
				C3A6FA0519B6155C004530AB /* backgroundImage2.jpg */,
				C3A6F9FF19B606F8004530AB /* background3.jpg */,
			);
			name = backgroundImages;
			sourceTree = "<group>";
		};
		C3A6FA0219B61073004530AB /* SSZipArchive */ = {
			isa = PBXGroup;
			children = (
				C350AD1119A73DD80071AD7C /* SSZipArchive.h */,
				C350AD1219A73DD80071AD7C /* SSZipArchive.m */,
			);
			name = SSZipArchive;
			sourceTree = "<group>";
		};
		C3A6FA0319B61088004530AB /* Externe Hilfsklassen */ = {
			isa = PBXGroup;
			children = (
				C350ACBD19A612320071AD7C /* MCLocalization */,
				C350AD0719A73DD80071AD7C /* minizip */,
				C3A6F9F619B4D854004530AB /* FXBlurView */,
				C3A6FA0219B61073004530AB /* SSZipArchive */,
			);
			name = "Externe Hilfsklassen";
			sourceTree = "<group>";
		};
		C3BDFE131981379F00D5A6AE /* JSON */ = {
			isa = PBXGroup;
			children = (
				C342129D19854E20001D826C /* Route1.plist */,
				C342129E19854E20001D826C /* Route2.plist */,
				C342129F19854E20001D826C /* Route3.plist */,
				C34212A019854E20001D826C /* Route4.plist */,
				C392F8FF1976F142002C8D9C /* places.json */,
				C336C78D197A905500DE217F /* routes.json */,
			);
			name = JSON;
			sourceTree = "<group>";
		};
/* End PBXGroup section */

/* Begin PBXNativeTarget section */
		C30F747919767C3B00B7C8C1 /* WegDesWandels */ = {
			isa = PBXNativeTarget;
			buildConfigurationList = C30F74AC19767C3B00B7C8C1 /* Build configuration list for PBXNativeTarget "WegDesWandels" */;
			buildPhases = (
				C30F747619767C3B00B7C8C1 /* Sources */,
				C30F747719767C3B00B7C8C1 /* Frameworks */,
				C30F747819767C3B00B7C8C1 /* Resources */,
			);
			buildRules = (
			);
			dependencies = (
			);
			name = WegDesWandels;
			productName = AppleMaps;
			productReference = C30F747A19767C3B00B7C8C1 /* WegDesWandels.app */;
			productType = "com.apple.product-type.application";
		};
		C30F749A19767C3B00B7C8C1 /* WegDesWandelsTests */ = {
			isa = PBXNativeTarget;
			buildConfigurationList = C30F74AF19767C3B00B7C8C1 /* Build configuration list for PBXNativeTarget "WegDesWandelsTests" */;
			buildPhases = (
				C30F749719767C3B00B7C8C1 /* Sources */,
				C30F749819767C3B00B7C8C1 /* Frameworks */,
				C30F749919767C3B00B7C8C1 /* Resources */,
			);
			buildRules = (
			);
			dependencies = (
				C30F74A119767C3B00B7C8C1 /* PBXTargetDependency */,
			);
			name = WegDesWandelsTests;
			productName = AppleMapsTests;
			productReference = C30F749B19767C3B00B7C8C1 /* WegDesWandelsTests.xctest */;
			productType = "com.apple.product-type.bundle.unit-test";
		};
/* End PBXNativeTarget section */

/* Begin PBXProject section */
		C30F747219767C3B00B7C8C1 /* Project object */ = {
			isa = PBXProject;
			attributes = {
				LastUpgradeCheck = 0510;
				ORGANIZATIONNAME = "André Stuhrmann";
				TargetAttributes = {
					C30F749A19767C3B00B7C8C1 = {
						TestTargetID = C30F747919767C3B00B7C8C1;
					};
				};
			};
			buildConfigurationList = C30F747519767C3B00B7C8C1 /* Build configuration list for PBXProject "WegDesWandels" */;
			compatibilityVersion = "Xcode 3.2";
			developmentRegion = English;
			hasScannedForEncodings = 0;
			knownRegions = (
				en,
				Base,
				ar,
				ca,
				cs,
				da,
				de,
				el,
				en_GB,
				es,
				fi,
				fr,
				he,
				hr,
				hu,
				id,
				it,
				ja,
				ko,
				ms,
				nl,
				no,
				pl,
				pt,
				pt_PT,
				ro,
				ru,
				sk,
				sv,
				th,
				tr,
				uk,
				vi,
				zh_CN,
				zh_TW,
			);
			mainGroup = C30F747119767C3B00B7C8C1;
			productRefGroup = C30F747B19767C3B00B7C8C1 /* Products */;
			projectDirPath = "";
			projectRoot = "";
			targets = (
				C30F747919767C3B00B7C8C1 /* WegDesWandels */,
				C30F749A19767C3B00B7C8C1 /* WegDesWandelsTests */,
			);
		};
/* End PBXProject section */

/* Begin PBXResourcesBuildPhase section */
		C30F747819767C3B00B7C8C1 /* Resources */ = {
			isa = PBXResourcesBuildPhase;
			buildActionMask = 2147483647;
			files = (
				C34FBAFA198BF2D0006A7FEA /* RoutesTranslations.strings in Resources */,
				C357C0A319AB55EF004F2EA2 /* Main_iPhone.storyboard in Resources */,
				C336C78E197A905500DE217F /* routes.json in Resources */,
				C350ACBF19A61CE50071AD7C /* translations.json in Resources */,
				C30F749619767C3B00B7C8C1 /* Images.xcassets in Resources */,
				C392F9001976F142002C8D9C /* places.json in Resources */,
				C34F119719B9B01A00D6E8B0 /* GalleryCelliPad.xib in Resources */,
				C34212A419854E20001D826C /* Route4.plist in Resources */,
				C3A6FA0619B6155C004530AB /* backgroundImage1.jpg in Resources */,
				C34212A219854E20001D826C /* Route2.plist in Resources */,
				C34212A119854E20001D826C /* Route1.plist in Resources */,
				C36B1D99198B95A30001A851 /* PlacesTranslations.strings in Resources */,
				C3A6FA0719B6155C004530AB /* backgroundImage2.jpg in Resources */,
				C3A6FA0019B606F8004530AB /* background3.jpg in Resources */,
				C30F748819767C3B00B7C8C1 /* InfoPlist.strings in Resources */,
				C30F749119767C3B00B7C8C1 /* Main.storyboard in Resources */,
				C34212A319854E20001D826C /* Route3.plist in Resources */,
			);
			runOnlyForDeploymentPostprocessing = 0;
		};
		C30F749919767C3B00B7C8C1 /* Resources */ = {
			isa = PBXResourcesBuildPhase;
			buildActionMask = 2147483647;
			files = (
				C30F74A719767C3B00B7C8C1 /* InfoPlist.strings in Resources */,
			);
			runOnlyForDeploymentPostprocessing = 0;
		};
/* End PBXResourcesBuildPhase section */

/* Begin PBXSourcesBuildPhase section */
		C30F747619767C3B00B7C8C1 /* Sources */ = {
			isa = PBXSourcesBuildPhase;
			buildActionMask = 2147483647;
			files = (
				C350AD1519A73DD80071AD7C /* unzip.c in Sources */,
				C30F748E19767C3B00B7C8C1 /* AppDelegate.m in Sources */,
				C336C7AA197C0D5D00DE217F /* Helper.m in Sources */,
				C3E99A79198103B10040F176 /* RouteViewController.m in Sources */,
				C34C5D0A19929C390054712C /* ImageCell.m in Sources */,
				C3A6F9F419B4D847004530AB /* FXBlurView.m in Sources */,
				C336C7A6197C0B9B00DE217F /* RoutesViewController.m in Sources */,
				C3511AA019AF4DF700795E6E /* SettingsViewController.m in Sources */,
				C350AD1619A73DD80071AD7C /* zip.c in Sources */,
				C3755304197910FE00B9A1B6 /* PlacesTableViewController.m in Sources */,
				C336C7AD197C0FA100DE217F /* Route.m in Sources */,
				C350AD1419A73DD80071AD7C /* mztools.c in Sources */,
				C30F748A19767C3B00B7C8C1 /* main.m in Sources */,
				C350ACBC19A6121F0071AD7C /* MCLocalization.m in Sources */,
				C34F118F19B9A53500D6E8B0 /* GalleryViewController.m in Sources */,
				C34F119219B9A82200D6E8B0 /* GalleryCell.m in Sources */,
				C350AD1319A73DD80071AD7C /* ioapi.c in Sources */,
				C3E1D03419B9E5EE004349A2 /* UIFont+ScaledFont.m in Sources */,
				C3755307197919B600B9A1B6 /* PlaceViewController.m in Sources */,
				C37553011979022000B9A1B6 /* MainViewController.m in Sources */,
				C350AD1719A73DD80071AD7C /* SSZipArchive.m in Sources */,
				C34D95E1199DF8A000E455C5 /* Downloader.m in Sources */,
				C30F74BB19767DA100B7C8C1 /* MapViewController.m in Sources */,
				C375530F19792CB100B9A1B6 /* Place.m in Sources */,
			);
			runOnlyForDeploymentPostprocessing = 0;
		};
		C30F749719767C3B00B7C8C1 /* Sources */ = {
			isa = PBXSourcesBuildPhase;
			buildActionMask = 2147483647;
			files = (
				C30F74A919767C3B00B7C8C1 /* AppleMapsTests.m in Sources */,
			);
			runOnlyForDeploymentPostprocessing = 0;
		};
/* End PBXSourcesBuildPhase section */

/* Begin PBXTargetDependency section */
		C30F74A119767C3B00B7C8C1 /* PBXTargetDependency */ = {
			isa = PBXTargetDependency;
			target = C30F747919767C3B00B7C8C1 /* WegDesWandels */;
			targetProxy = C30F74A019767C3B00B7C8C1 /* PBXContainerItemProxy */;
		};
/* End PBXTargetDependency section */

/* Begin PBXVariantGroup section */
		C30F748619767C3B00B7C8C1 /* InfoPlist.strings */ = {
			isa = PBXVariantGroup;
			children = (
				C30F748719767C3B00B7C8C1 /* en */,
			);
			name = InfoPlist.strings;
			sourceTree = "<group>";
		};
		C30F748F19767C3B00B7C8C1 /* Main.storyboard */ = {
			isa = PBXVariantGroup;
			children = (
				C30F749019767C3B00B7C8C1 /* Base */,
			);
			name = Main.storyboard;
			sourceTree = "<group>";
		};
		C30F74A519767C3B00B7C8C1 /* InfoPlist.strings */ = {
			isa = PBXVariantGroup;
			children = (
				C30F74A619767C3B00B7C8C1 /* en */,
			);
			name = InfoPlist.strings;
			sourceTree = "<group>";
		};
		C34FBAFC198BF2D0006A7FEA /* RoutesTranslations.strings */ = {
			isa = PBXVariantGroup;
			children = (
				C34FBAFB198BF2D0006A7FEA /* Base */,
			);
			name = RoutesTranslations.strings;
			path = Translation;
			sourceTree = "<group>";
		};
		C357C0A119AB55EF004F2EA2 /* Main_iPhone.storyboard */ = {
			isa = PBXVariantGroup;
			children = (
				C357C0A219AB55EF004F2EA2 /* Base */,
			);
			name = Main_iPhone.storyboard;
			sourceTree = "<group>";
		};
		C36B1D9B198B95A30001A851 /* PlacesTranslations.strings */ = {
			isa = PBXVariantGroup;
			children = (
				C36B1D9A198B95A30001A851 /* Base */,
			);
			name = PlacesTranslations.strings;
			sourceTree = "<group>";
		};
/* End PBXVariantGroup section */

/* Begin XCBuildConfiguration section */
		C30F74AA19767C3B00B7C8C1 /* Debug */ = {
			isa = XCBuildConfiguration;
			buildSettings = {
				ALWAYS_SEARCH_USER_PATHS = NO;
				CLANG_CXX_LANGUAGE_STANDARD = "gnu++0x";
				CLANG_CXX_LIBRARY = "libc++";
				CLANG_ENABLE_MODULES = YES;
				CLANG_ENABLE_OBJC_ARC = YES;
				CLANG_WARN_BOOL_CONVERSION = YES;
				CLANG_WARN_CONSTANT_CONVERSION = YES;
				CLANG_WARN_DIRECT_OBJC_ISA_USAGE = YES_ERROR;
				CLANG_WARN_EMPTY_BODY = YES;
				CLANG_WARN_ENUM_CONVERSION = YES;
				CLANG_WARN_INT_CONVERSION = YES;
				CLANG_WARN_OBJC_ROOT_CLASS = YES_ERROR;
				CLANG_WARN__DUPLICATE_METHOD_MATCH = YES;
				"CODE_SIGN_IDENTITY[sdk=iphoneos*]" = "iPhone Developer";
				COPY_PHASE_STRIP = NO;
				GCC_C_LANGUAGE_STANDARD = gnu99;
				GCC_DYNAMIC_NO_PIC = NO;
				GCC_OPTIMIZATION_LEVEL = 0;
				GCC_PREPROCESSOR_DEFINITIONS = (
					"DEBUG=1",
					"$(inherited)",
				);
				GCC_SYMBOLS_PRIVATE_EXTERN = NO;
				GCC_WARN_64_TO_32_BIT_CONVERSION = YES;
				GCC_WARN_ABOUT_RETURN_TYPE = YES_ERROR;
				GCC_WARN_UNDECLARED_SELECTOR = YES;
				GCC_WARN_UNINITIALIZED_AUTOS = YES_AGGRESSIVE;
				GCC_WARN_UNUSED_FUNCTION = YES;
				GCC_WARN_UNUSED_VARIABLE = YES;
				IPHONEOS_DEPLOYMENT_TARGET = 7.1;
				ONLY_ACTIVE_ARCH = YES;
				SDKROOT = iphoneos;
				TARGETED_DEVICE_FAMILY = 2;
			};
			name = Debug;
		};
		C30F74AB19767C3B00B7C8C1 /* Release */ = {
			isa = XCBuildConfiguration;
			buildSettings = {
				ALWAYS_SEARCH_USER_PATHS = NO;
				CLANG_CXX_LANGUAGE_STANDARD = "gnu++0x";
				CLANG_CXX_LIBRARY = "libc++";
				CLANG_ENABLE_MODULES = YES;
				CLANG_ENABLE_OBJC_ARC = YES;
				CLANG_WARN_BOOL_CONVERSION = YES;
				CLANG_WARN_CONSTANT_CONVERSION = YES;
				CLANG_WARN_DIRECT_OBJC_ISA_USAGE = YES_ERROR;
				CLANG_WARN_EMPTY_BODY = YES;
				CLANG_WARN_ENUM_CONVERSION = YES;
				CLANG_WARN_INT_CONVERSION = YES;
				CLANG_WARN_OBJC_ROOT_CLASS = YES_ERROR;
				CLANG_WARN__DUPLICATE_METHOD_MATCH = YES;
				"CODE_SIGN_IDENTITY[sdk=iphoneos*]" = "iPhone Developer";
				COPY_PHASE_STRIP = YES;
				ENABLE_NS_ASSERTIONS = NO;
				GCC_C_LANGUAGE_STANDARD = gnu99;
				GCC_WARN_64_TO_32_BIT_CONVERSION = YES;
				GCC_WARN_ABOUT_RETURN_TYPE = YES_ERROR;
				GCC_WARN_UNDECLARED_SELECTOR = YES;
				GCC_WARN_UNINITIALIZED_AUTOS = YES_AGGRESSIVE;
				GCC_WARN_UNUSED_FUNCTION = YES;
				GCC_WARN_UNUSED_VARIABLE = YES;
				IPHONEOS_DEPLOYMENT_TARGET = 7.1;
				SDKROOT = iphoneos;
				TARGETED_DEVICE_FAMILY = 2;
				VALIDATE_PRODUCT = YES;
			};
			name = Release;
		};
		C30F74AD19767C3B00B7C8C1 /* Debug */ = {
			isa = XCBuildConfiguration;
			buildSettings = {
				ASSETCATALOG_COMPILER_APPICON_NAME = AppIcon;
				ASSETCATALOG_COMPILER_LAUNCHIMAGE_NAME = LaunchImage;
				FRAMEWORK_SEARCH_PATHS = (
					"$(inherited)",
					"$(PROJECT_DIR)/Downloads/GoogleMaps-iOS-1.8-2.1",
					"$(PROJECT_DIR)/Downloads/GoogleMaps-iOS-1.8-2.1/GoogleMapsSDKDemos",
					"$(PROJECT_DIR)/Downloads/GoogleMaps-iOS-1.8.1/GoogleMapsSDKDemos",
					"$(PROJECT_DIR)/Downloads/GoogleMapsChallenges",
				);
				GCC_PRECOMPILE_PREFIX_HEADER = YES;
				GCC_PREFIX_HEADER = "AppleMaps/WegDesWandels-Prefix.pch";
				INFOPLIST_FILE = "AppleMaps/WegDesWandels-Info.plist";
				PRODUCT_NAME = WegDesWandels;
				TARGETED_DEVICE_FAMILY = "1,2";
				WRAPPER_EXTENSION = app;
			};
			name = Debug;
		};
		C30F74AE19767C3B00B7C8C1 /* Release */ = {
			isa = XCBuildConfiguration;
			buildSettings = {
				ASSETCATALOG_COMPILER_APPICON_NAME = AppIcon;
				ASSETCATALOG_COMPILER_LAUNCHIMAGE_NAME = LaunchImage;
				FRAMEWORK_SEARCH_PATHS = (
					"$(inherited)",
					"$(PROJECT_DIR)/Downloads/GoogleMaps-iOS-1.8-2.1",
					"$(PROJECT_DIR)/Downloads/GoogleMaps-iOS-1.8-2.1/GoogleMapsSDKDemos",
					"$(PROJECT_DIR)/Downloads/GoogleMaps-iOS-1.8.1/GoogleMapsSDKDemos",
					"$(PROJECT_DIR)/Downloads/GoogleMapsChallenges",
				);
				GCC_PRECOMPILE_PREFIX_HEADER = YES;
				GCC_PREFIX_HEADER = "AppleMaps/WegDesWandels-Prefix.pch";
				INFOPLIST_FILE = "AppleMaps/WegDesWandels-Info.plist";
				PRODUCT_NAME = WegDesWandels;
				TARGETED_DEVICE_FAMILY = "1,2";
				WRAPPER_EXTENSION = app;
			};
			name = Release;
		};
		C30F74B019767C3B00B7C8C1 /* Debug */ = {
			isa = XCBuildConfiguration;
			buildSettings = {
				BUNDLE_LOADER = "$(BUILT_PRODUCTS_DIR)/AppleMaps.app/AppleMaps";
				FRAMEWORK_SEARCH_PATHS = (
					"$(SDKROOT)/Developer/Library/Frameworks",
					"$(inherited)",
					"$(DEVELOPER_FRAMEWORKS_DIR)",
				);
				GCC_PRECOMPILE_PREFIX_HEADER = YES;
				GCC_PREFIX_HEADER = "AppleMaps/AppleMaps-Prefix.pch";
				GCC_PREPROCESSOR_DEFINITIONS = (
					"DEBUG=1",
					"$(inherited)",
				);
				INFOPLIST_FILE = "AppleMapsTests/WegDesWandelsTests-Info.plist";
				PRODUCT_NAME = WegDesWandelsTests;
				TEST_HOST = "$(BUNDLE_LOADER)";
				WRAPPER_EXTENSION = xctest;
			};
			name = Debug;
		};
		C30F74B119767C3B00B7C8C1 /* Release */ = {
			isa = XCBuildConfiguration;
			buildSettings = {
				BUNDLE_LOADER = "$(BUILT_PRODUCTS_DIR)/AppleMaps.app/AppleMaps";
				FRAMEWORK_SEARCH_PATHS = (
					"$(SDKROOT)/Developer/Library/Frameworks",
					"$(inherited)",
					"$(DEVELOPER_FRAMEWORKS_DIR)",
				);
				GCC_PRECOMPILE_PREFIX_HEADER = YES;
				GCC_PREFIX_HEADER = "AppleMaps/AppleMaps-Prefix.pch";
				INFOPLIST_FILE = "AppleMapsTests/WegDesWandelsTests-Info.plist";
				PRODUCT_NAME = WegDesWandelsTests;
				TEST_HOST = "$(BUNDLE_LOADER)";
				WRAPPER_EXTENSION = xctest;
			};
			name = Release;
		};
/* End XCBuildConfiguration section */

/* Begin XCConfigurationList section */
		C30F747519767C3B00B7C8C1 /* Build configuration list for PBXProject "WegDesWandels" */ = {
			isa = XCConfigurationList;
			buildConfigurations = (
				C30F74AA19767C3B00B7C8C1 /* Debug */,
				C30F74AB19767C3B00B7C8C1 /* Release */,
			);
			defaultConfigurationIsVisible = 0;
			defaultConfigurationName = Release;
		};
		C30F74AC19767C3B00B7C8C1 /* Build configuration list for PBXNativeTarget "WegDesWandels" */ = {
			isa = XCConfigurationList;
			buildConfigurations = (
				C30F74AD19767C3B00B7C8C1 /* Debug */,
				C30F74AE19767C3B00B7C8C1 /* Release */,
			);
			defaultConfigurationIsVisible = 0;
			defaultConfigurationName = Release;
		};
		C30F74AF19767C3B00B7C8C1 /* Build configuration list for PBXNativeTarget "WegDesWandelsTests" */ = {
			isa = XCConfigurationList;
			buildConfigurations = (
				C30F74B019767C3B00B7C8C1 /* Debug */,
				C30F74B119767C3B00B7C8C1 /* Release */,
			);
			defaultConfigurationIsVisible = 0;
			defaultConfigurationName = Release;
		};
/* End XCConfigurationList section */
	};
	rootObject = C30F747219767C3B00B7C8C1 /* Project object */;
}
